
Microsoft Visual Studio Solution File, Format Version 12.00
# Visual Studio Version 17
VisualStudioVersion = 17.9.34607.119
MinimumVisualStudioVersion = 10.0.40219.1
Project("{9A19103F-16F7-4668-BE54-9A1E7A4F7556}") = "EOkul.Domain", "EOkul.Domain\EOkul.Domain.csproj", "{D9B343BA-DDAB-4F95-BE55-490C3B45151B}"
EndProject
Project("{9A19103F-16F7-4668-BE54-9A1E7A4F7556}") = "EOkul.Infrastructure", "EOkul.Infrastructure\EOkul.Infrastructure.csproj", "{23EB1FAE-E007-4B5D-BE28-71F6F4BDAB86}"
EndProject
Project("{9A19103F-16F7-4668-BE54-9A1E7A4F7556}") = "EOkul.WebApi", "EOkul.WebApi\EOkul.WebApi.csproj", "{013D5D51-D2E7-4452-A167-C67B91DEE2B1}"
EndProject
Project("{9A19103F-16F7-4668-BE54-9A1E7A4F7556}") = "EOkul.Application", "EOkul.Application\EOkul.Application.csproj", "{7D25ACDC-2C69-412F-94A9-0506E22719E5}"
EndProject
Global
	GlobalSection(SolutionConfigurationPlatforms) = preSolution
		Debug|Any CPU = Debug|Any CPU
		Release|Any CPU = Release|Any CPU
	EndGlobalSection
	GlobalSection(ProjectConfigurationPlatforms) = postSolution
		{D9B343BA-DDAB-4F95-BE55-490C3B45151B}.Debug|Any CPU.ActiveCfg = Debug|Any CPU
		{D9B343BA-DDAB-4F95-BE55-490C3B45151B}.Debug|Any CPU.Build.0 = Debug|Any CPU
		{D9B343BA-DDAB-4F95-BE55-490C3B45151B}.Release|Any CPU.ActiveCfg = Release|Any CPU
		{D9B343BA-DDAB-4F95-BE55-490C3B45151B}.Release|Any CPU.Build.0 = Release|Any CPU
		{23EB1FAE-E007-4B5D-BE28-71F6F4BDAB86}.Debug|Any CPU.ActiveCfg = Debug|Any CPU
		{23EB1FAE-E007-4B5D-BE28-71F6F4BDAB86}.Debug|Any CPU.Build.0 = Debug|Any CPU
		{23EB1FAE-E007-4B5D-BE28-71F6F4BDAB86}.Release|Any CPU.ActiveCfg = Release|Any CPU
		{23EB1FAE-E007-4B5D-BE28-71F6F4BDAB86}.Release|Any CPU.Build.0 = Release|Any CPU
		{013D5D51-D2E7-4452-A167-C67B91DEE2B1}.Debug|Any CPU.ActiveCfg = Debug|Any CPU
		{013D5D51-D2E7-4452-A167-C67B91DEE2B1}.Debug|Any CPU.Build.0 = Debug|Any CPU
		{013D5D51-D2E7-4452-A167-C67B91DEE2B1}.Release|Any CPU.ActiveCfg = Release|Any CPU
		{013D5D51-D2E7-4452-A167-C67B91DEE2B1}.Release|Any CPU.Build.0 = Release|Any CPU
		{7D25ACDC-2C69-412F-94A9-0506E22719E5}.Debug|Any CPU.ActiveCfg = Debug|Any CPU
		{7D25ACDC-2C69-412F-94A9-0506E22719E5}.Debug|Any CPU.Build.0 = Debug|Any CPU
		{7D25ACDC-2C69-412F-94A9-0506E22719E5}.Release|Any CPU.ActiveCfg = Release|Any CPU
		{7D25ACDC-2C69-412F-94A9-0506E22719E5}.Release|Any CPU.Build.0 = Release|Any CPU
	EndGlobalSection
	GlobalSection(SolutionProperties) = preSolution
		HideSolutionNode = FALSE
	EndGlobalSection
	GlobalSection(ExtensibilityGlobals) = postSolution
		SolutionGuid = {FFC7F179-FE70-4193-B068-4154BD5F5E89}
	EndGlobalSection
EndGlobal
